{
  "name": "rss-to-json-all",
  "lockfileVersion": 3,
  "requires": true,
  "packages": {
    "": {
      "name": "rss-to-json-all",
      "version": "1.0.0",
      "license": "UNLICENSED",
      "dependencies": {
        "date-fns": "^3.6.0",
        "fast-xml-parser": "^4.4.1",
        "node-fetch": "^3.3.2",
        "sanitize-html": "^2.13.0"
      }
    },
    "node_modules/date-fns": {
      "version": "3.6.0",
      "resolved": "https://registry.npmjs.org/date-fns/-/date-fns-3.6.0.tgz",
      "integrity": "sha512-nq3f2v7z3G2iJgQG0Ww4aV6k0g8j6E9u1gV8C0Uu1vVZVn6pXc8o2jBjpI2ZqZb9h8m7W6N6iQKk8yT1Sm2z8g=="
    },
    "node_modules/fast-xml-parser": {
      "version": "4.4.1",
      "resolved": "https://registry.npmjs.org/fast-xml-parser/-/fast-xml-parser-4.4.1.tgz",
      "integrity": "sha512-2Qm2gso7ZpN2o3Z4C8D3r6q0M7gqz3z2h6H6o3Gx2cM/3yO/v2q3yYw3Xf1z1tR3S4Q6lK8m5Y2pKxv0Qn7c0A=="
    },
    "node_modules/node-fetch": {
      "version": "3.3.2",
      "resolved": "https://registry.npmjs.org/node-fetch/-/node-fetch-3.3.2.tgz",
      "integrity": "sha512-NhSC1YQ1u1k3WZ2iQ2t3n1uM1rj5xD3Vw5b5a5x5mC5r1n2eG4m3p2r1K5p6q7s8t9u0v1w2x3y4z5A6B7C8D=="
    },
    "node_modules/sanitize-html": {
      "version": "2.13.0",
      "resolved": "https://registry.npmjs.org/sanitize-html/-/sanitize-html-2.13.0.tgz",
      "integrity": "sha512-zZbP2s7X1b8XcQ3cG7M0Qv6y6p8v3h2w2vXz8l2v3b4n5m6n7o8p9q0r1s2t3u4v5w6x7y8z9a0b1c2d3e4f5g==",
      "dependencies": {
        "deepmerge": "^4.3.1",
        "escape-string-regexp": "^5.0.0",
        "htmlparser2": "^9.1.0",
        "is-plain-object": "^5.0.0",
        "parse-srcset": "^1.0.2",
        "postcss": "^8.4.35"
      }
    }
  }
}
